// !$*UTF8*$!
{
	archiveVersion = 1;
	classes = {
	};
	objectVersion = 51;
	objects = {

/* Begin PBXBuildFile section */
		10914A59FF7D1A98527760F5 /* Pods_InstagramApp.framework in Frameworks */ = {isa = PBXBuildFile; fileRef = 59E6ADDA5BBFC6545C24D777 /* Pods_InstagramApp.framework */; };
		CE01725222DF531F00FD06A2 /* CustomSegmentedControl.swift in Sources */ = {isa = PBXBuildFile; fileRef = CE01725122DF531F00FD06A2 /* CustomSegmentedControl.swift */; };
		CE01725522DF59B300FD06A2 /* ActivityTableViewCell.swift in Sources */ = {isa = PBXBuildFile; fileRef = CE01725322DF59B300FD06A2 /* ActivityTableViewCell.swift */; };
		CE01725622DF59B300FD06A2 /* ActivityTableViewCell.xib in Resources */ = {isa = PBXBuildFile; fileRef = CE01725422DF59B300FD06A2 /* ActivityTableViewCell.xib */; };
		CE01725822DF5D9B00FD06A2 /* ActivityView.swift in Sources */ = {isa = PBXBuildFile; fileRef = CE01725722DF5D9B00FD06A2 /* ActivityView.swift */; };
		CE01725A22DF5DA800FD06A2 /* ActivityView.xib in Resources */ = {isa = PBXBuildFile; fileRef = CE01725922DF5DA800FD06A2 /* ActivityView.xib */; };
		CE01725C22E0071F00FD06A2 /* ProfileHeaderTableViewCell.swift in Sources */ = {isa = PBXBuildFile; fileRef = CE01725B22E0071F00FD06A2 /* ProfileHeaderTableViewCell.swift */; };
		CE01725E22E0380200FD06A2 /* ProfileViewStyleTableViewCell.swift in Sources */ = {isa = PBXBuildFile; fileRef = CE01725D22E0380200FD06A2 /* ProfileViewStyleTableViewCell.swift */; };
		CE01726022E03D3F00FD06A2 /* GoogleService-Info.plist in Resources */ = {isa = PBXBuildFile; fileRef = CE01725F22E03D3F00FD06A2 /* GoogleService-Info.plist */; };
		CE01726222E0486800FD06A2 /* Helper.swift in Sources */ = {isa = PBXBuildFile; fileRef = CE01726122E0486800FD06A2 /* Helper.swift */; };
		CE01726422E0495600FD06A2 /* Extensions.swift in Sources */ = {isa = PBXBuildFile; fileRef = CE01726322E0495600FD06A2 /* Extensions.swift */; };
		CE01726622E04C0700FD06A2 /* LoginViewController.swift in Sources */ = {isa = PBXBuildFile; fileRef = CE01726522E04C0700FD06A2 /* LoginViewController.swift */; };
		CE01726822E04C5700FD06A2 /* Login.storyboard in Resources */ = {isa = PBXBuildFile; fileRef = CE01726722E04C5700FD06A2 /* Login.storyboard */; };
		CE01726A22E04FD300FD06A2 /* AnimatedGradient.swift in Sources */ = {isa = PBXBuildFile; fileRef = CE01726922E04FD300FD06A2 /* AnimatedGradient.swift */; };
		CE01726C22E05BDC00FD06A2 /* SignupViewController.swift in Sources */ = {isa = PBXBuildFile; fileRef = CE01726B22E05BDC00FD06A2 /* SignupViewController.swift */; };
		CE042AE422D09AD100689830 /* Home.storyboard in Resources */ = {isa = PBXBuildFile; fileRef = CE042AE322D09AD100689830 /* Home.storyboard */; };
		CE042AE622D09ADE00689830 /* Search.storyboard in Resources */ = {isa = PBXBuildFile; fileRef = CE042AE522D09ADE00689830 /* Search.storyboard */; };
		CE042AE822D09AE800689830 /* NewPost.storyboard in Resources */ = {isa = PBXBuildFile; fileRef = CE042AE722D09AE800689830 /* NewPost.storyboard */; };
		CE042AEA22D09AF300689830 /* Profile.storyboard in Resources */ = {isa = PBXBuildFile; fileRef = CE042AE922D09AF300689830 /* Profile.storyboard */; };
		CE042AEC22D09AFD00689830 /* Activity.storyboard in Resources */ = {isa = PBXBuildFile; fileRef = CE042AEB22D09AFD00689830 /* Activity.storyboard */; };
		CE042AEF22D09B6500689830 /* HomeViewController.swift in Sources */ = {isa = PBXBuildFile; fileRef = CE042AEE22D09B6500689830 /* HomeViewController.swift */; };
		CE042AF122D09B6F00689830 /* SearchViewController.swift in Sources */ = {isa = PBXBuildFile; fileRef = CE042AF022D09B6F00689830 /* SearchViewController.swift */; };
		CE042AF322D09B7B00689830 /* NewPostViewController.swift in Sources */ = {isa = PBXBuildFile; fileRef = CE042AF222D09B7B00689830 /* NewPostViewController.swift */; };
		CE042AF522D09B8400689830 /* ProfileViewController.swift in Sources */ = {isa = PBXBuildFile; fileRef = CE042AF422D09B8400689830 /* ProfileViewController.swift */; };
		CE042AF722D09B8D00689830 /* ActivityViewController.swift in Sources */ = {isa = PBXBuildFile; fileRef = CE042AF622D09B8D00689830 /* ActivityViewController.swift */; };
		CE042AFD22D0C81500689830 /* StoriesTableViewCell.swift in Sources */ = {isa = PBXBuildFile; fileRef = CE042AFB22D0C81500689830 /* StoriesTableViewCell.swift */; };
		CE042AFE22D0C81500689830 /* StoriesTableViewCell.xib in Resources */ = {isa = PBXBuildFile; fileRef = CE042AFC22D0C81500689830 /* StoriesTableViewCell.xib */; };
		CE042B0122D0CB9600689830 /* StoryCollectionViewCell.swift in Sources */ = {isa = PBXBuildFile; fileRef = CE042AFF22D0CB9600689830 /* StoryCollectionViewCell.swift */; };
		CE042B0222D0CB9600689830 /* StoryCollectionViewCell.xib in Resources */ = {isa = PBXBuildFile; fileRef = CE042B0022D0CB9600689830 /* StoryCollectionViewCell.xib */; };
		CE042B0522D1E29B00689830 /* FeedTableViewCell.swift in Sources */ = {isa = PBXBuildFile; fileRef = CE042B0322D1E29B00689830 /* FeedTableViewCell.swift */; };
		CE042B0622D1E29B00689830 /* FeedTableViewCell.xib in Resources */ = {isa = PBXBuildFile; fileRef = CE042B0422D1E29B00689830 /* FeedTableViewCell.xib */; };
		CE042B0822D21B5A00689830 /* ExploreCollectionViewCell.swift in Sources */ = {isa = PBXBuildFile; fileRef = CE042B0722D21B5A00689830 /* ExploreCollectionViewCell.swift */; };
		CE042B0A22D314D600689830 /* SearchBarContainerView.swift in Sources */ = {isa = PBXBuildFile; fileRef = CE042B0922D314D600689830 /* SearchBarContainerView.swift */; };
		CE042B0C22D3430E00689830 /* CollectionLayout.swift in Sources */ = {isa = PBXBuildFile; fileRef = CE042B0B22D3430E00689830 /* CollectionLayout.swift */; };
		CE3049A122EC469F0095889B /* CreatePostViewController.swift in Sources */ = {isa = PBXBuildFile; fileRef = CE3049A022EC469F0095889B /* CreatePostViewController.swift */; };
		CE3049A322EC4E020095889B /* PostViewController.swift in Sources */ = {isa = PBXBuildFile; fileRef = CE3049A222EC4E020095889B /* PostViewController.swift */; };
		CE7E0A6522F26DB60064EB18 /* PostTableViewCell.xib in Resources */ = {isa = PBXBuildFile; fileRef = CE7E0A6322F26DB50064EB18 /* PostTableViewCell.xib */; };
		CE7E0A6622F26DB60064EB18 /* PostTableViewCell.swift in Sources */ = {isa = PBXBuildFile; fileRef = CE7E0A6422F26DB50064EB18 /* PostTableViewCell.swift */; };
		CE7E0A6922F26DC50064EB18 /* CommentTableViewCell.swift in Sources */ = {isa = PBXBuildFile; fileRef = CE7E0A6722F26DC50064EB18 /* CommentTableViewCell.swift */; };
		CE7E0A6A22F26DC50064EB18 /* CommentTableViewCell.xib in Resources */ = {isa = PBXBuildFile; fileRef = CE7E0A6822F26DC50064EB18 /* CommentTableViewCell.xib */; };
		CE7E0A6C22F27D570064EB18 /* Post.storyboard in Resources */ = {isa = PBXBuildFile; fileRef = CE7E0A6B22F27D570064EB18 /* Post.storyboard */; };
		CEB3C5A722D87A6C002859FA /* NewPostPageViewController.swift in Sources */ = {isa = PBXBuildFile; fileRef = CEB3C5A622D87A6C002859FA /* NewPostPageViewController.swift */; };
		CEB3C5A922D87AC8002859FA /* PhotoLibraryViewController.swift in Sources */ = {isa = PBXBuildFile; fileRef = CEB3C5A822D87AC8002859FA /* PhotoLibraryViewController.swift */; };
		CEB3C5AB22D87BCB002859FA /* CameraViewController.swift in Sources */ = {isa = PBXBuildFile; fileRef = CEB3C5AA22D87BCB002859FA /* CameraViewController.swift */; };
		CEB3C5AD22D87DBD002859FA /* TabBarDelegate.swift in Sources */ = {isa = PBXBuildFile; fileRef = CEB3C5AC22D87DBD002859FA /* TabBarDelegate.swift */; };
		CEB3C5AF22D89761002859FA /* PhotoCollectionViewCell.swift in Sources */ = {isa = PBXBuildFile; fileRef = CEB3C5AE22D89761002859FA /* PhotoCollectionViewCell.swift */; };
		CEF528B122EA2D3900FD9480 /* Protocol.swift in Sources */ = {isa = PBXBuildFile; fileRef = CEF528B022EA2D3900FD9480 /* Protocol.swift */; };
		E147A0852159176200AD9178 /* AppDelegate.swift in Sources */ = {isa = PBXBuildFile; fileRef = E147A0842159176200AD9178 /* AppDelegate.swift */; };
		E147A08C2159176300AD9178 /* Assets.xcassets in Resources */ = {isa = PBXBuildFile; fileRef = E147A08B2159176300AD9178 /* Assets.xcassets */; };
		E147A08F2159176400AD9178 /* LaunchScreen.storyboard in Resources */ = {isa = PBXBuildFile; fileRef = E147A08D2159176400AD9178 /* LaunchScreen.storyboard */; };
		E147A09B215917EB00AD9178 /* FeedData.swift in Sources */ = {isa = PBXBuildFile; fileRef = E147A09A215917EB00AD9178 /* FeedData.swift */; };
		E1D28C3321629B4800DB621F /* SimpleCameraProtocol.swift in Sources */ = {isa = PBXBuildFile; fileRef = E1D28C3221629B4800DB621F /* SimpleCameraProtocol.swift */; };
		E1D28C3521629B5000DB621F /* SimpleCameraView.swift in Sources */ = {isa = PBXBuildFile; fileRef = E1D28C3421629B5000DB621F /* SimpleCameraView.swift */; };
		E1D28C3721629B5700DB621F /* SimpleCamera.swift in Sources */ = {isa = PBXBuildFile; fileRef = E1D28C3621629B5700DB621F /* SimpleCamera.swift */; };
		E1E440B22163ED050034FD40 /* ActivityData.swift in Sources */ = {isa = PBXBuildFile; fileRef = E1E440B12163ED050034FD40 /* ActivityData.swift */; };
		E1E440B42163F16E0034FD40 /* UserData.swift in Sources */ = {isa = PBXBuildFile; fileRef = E1E440B32163F16E0034FD40 /* UserData.swift */; };
/* End PBXBuildFile section */

/* Begin PBXFileReference section */
		05CD9995D411A26AAFBF0806 /* Pods-InstagramApp.release.xcconfig */ = {isa = PBXFileReference; includeInIndex = 1; lastKnownFileType = text.xcconfig; name = "Pods-InstagramApp.release.xcconfig"; path = "Target Support Files/Pods-InstagramApp/Pods-InstagramApp.release.xcconfig"; sourceTree = "<group>"; };
		59E6ADDA5BBFC6545C24D777 /* Pods_InstagramApp.framework */ = {isa = PBXFileReference; explicitFileType = wrapper.framework; includeInIndex = 0; path = Pods_InstagramApp.framework; sourceTree = BUILT_PRODUCTS_DIR; };
		B488B618434E9D89AD83FA74 /* Pods-InstagramApp.debug.xcconfig */ = {isa = PBXFileReference; includeInIndex = 1; lastKnownFileType = text.xcconfig; name = "Pods-InstagramApp.debug.xcconfig"; path = "Target Support Files/Pods-InstagramApp/Pods-InstagramApp.debug.xcconfig"; sourceTree = "<group>"; };
		CE01725122DF531F00FD06A2 /* CustomSegmentedControl.swift */ = {isa = PBXFileReference; lastKnownFileType = sourcecode.swift; path = CustomSegmentedControl.swift; sourceTree = "<group>"; };
		CE01725322DF59B300FD06A2 /* ActivityTableViewCell.swift */ = {isa = PBXFileReference; lastKnownFileType = sourcecode.swift; path = ActivityTableViewCell.swift; sourceTree = "<group>"; };
		CE01725422DF59B300FD06A2 /* ActivityTableViewCell.xib */ = {isa = PBXFileReference; lastKnownFileType = file.xib; path = ActivityTableViewCell.xib; sourceTree = "<group>"; };
		CE01725722DF5D9B00FD06A2 /* ActivityView.swift */ = {isa = PBXFileReference; lastKnownFileType = sourcecode.swift; path = ActivityView.swift; sourceTree = "<group>"; };
		CE01725922DF5DA800FD06A2 /* ActivityView.xib */ = {isa = PBXFileReference; lastKnownFileType = file.xib; path = ActivityView.xib; sourceTree = "<group>"; };
		CE01725B22E0071F00FD06A2 /* ProfileHeaderTableViewCell.swift */ = {isa = PBXFileReference; lastKnownFileType = sourcecode.swift; path = ProfileHeaderTableViewCell.swift; sourceTree = "<group>"; };
		CE01725D22E0380200FD06A2 /* ProfileViewStyleTableViewCell.swift */ = {isa = PBXFileReference; lastKnownFileType = sourcecode.swift; path = ProfileViewStyleTableViewCell.swift; sourceTree = "<group>"; };
		CE01725F22E03D3F00FD06A2 /* GoogleService-Info.plist */ = {isa = PBXFileReference; fileEncoding = 4; lastKnownFileType = text.plist.xml; path = "GoogleService-Info.plist"; sourceTree = "<group>"; };
		CE01726122E0486800FD06A2 /* Helper.swift */ = {isa = PBXFileReference; lastKnownFileType = sourcecode.swift; path = Helper.swift; sourceTree = "<group>"; };
		CE01726322E0495600FD06A2 /* Extensions.swift */ = {isa = PBXFileReference; lastKnownFileType = sourcecode.swift; path = Extensions.swift; sourceTree = "<group>"; };
		CE01726522E04C0700FD06A2 /* LoginViewController.swift */ = {isa = PBXFileReference; lastKnownFileType = sourcecode.swift; path = LoginViewController.swift; sourceTree = "<group>"; };
		CE01726722E04C5700FD06A2 /* Login.storyboard */ = {isa = PBXFileReference; lastKnownFileType = file.storyboard; path = Login.storyboard; sourceTree = "<group>"; };
		CE01726922E04FD300FD06A2 /* AnimatedGradient.swift */ = {isa = PBXFileReference; lastKnownFileType = sourcecode.swift; path = AnimatedGradient.swift; sourceTree = "<group>"; };
		CE01726B22E05BDC00FD06A2 /* SignupViewController.swift */ = {isa = PBXFileReference; lastKnownFileType = sourcecode.swift; path = SignupViewController.swift; sourceTree = "<group>"; };
		CE042AE322D09AD100689830 /* Home.storyboard */ = {isa = PBXFileReference; lastKnownFileType = file.storyboard; path = Home.storyboard; sourceTree = "<group>"; };
		CE042AE522D09ADE00689830 /* Search.storyboard */ = {isa = PBXFileReference; lastKnownFileType = file.storyboard; path = Search.storyboard; sourceTree = "<group>"; };
		CE042AE722D09AE800689830 /* NewPost.storyboard */ = {isa = PBXFileReference; lastKnownFileType = file.storyboard; path = NewPost.storyboard; sourceTree = "<group>"; };
		CE042AE922D09AF300689830 /* Profile.storyboard */ = {isa = PBXFileReference; lastKnownFileType = file.storyboard; path = Profile.storyboard; sourceTree = "<group>"; };
		CE042AEB22D09AFD00689830 /* Activity.storyboard */ = {isa = PBXFileReference; lastKnownFileType = file.storyboard; path = Activity.storyboard; sourceTree = "<group>"; };
		CE042AEE22D09B6500689830 /* HomeViewController.swift */ = {isa = PBXFileReference; lastKnownFileType = sourcecode.swift; path = HomeViewController.swift; sourceTree = "<group>"; };
		CE042AF022D09B6F00689830 /* SearchViewController.swift */ = {isa = PBXFileReference; lastKnownFileType = sourcecode.swift; path = SearchViewController.swift; sourceTree = "<group>"; };
		CE042AF222D09B7B00689830 /* NewPostViewController.swift */ = {isa = PBXFileReference; lastKnownFileType = sourcecode.swift; path = NewPostViewController.swift; sourceTree = "<group>"; };
		CE042AF422D09B8400689830 /* ProfileViewController.swift */ = {isa = PBXFileReference; lastKnownFileType = sourcecode.swift; path = ProfileViewController.swift; sourceTree = "<group>"; };
		CE042AF622D09B8D00689830 /* ActivityViewController.swift */ = {isa = PBXFileReference; lastKnownFileType = sourcecode.swift; path = ActivityViewController.swift; sourceTree = "<group>"; };
		CE042AFB22D0C81500689830 /* StoriesTableViewCell.swift */ = {isa = PBXFileReference; lastKnownFileType = sourcecode.swift; path = StoriesTableViewCell.swift; sourceTree = "<group>"; };
		CE042AFC22D0C81500689830 /* StoriesTableViewCell.xib */ = {isa = PBXFileReference; lastKnownFileType = file.xib; path = StoriesTableViewCell.xib; sourceTree = "<group>"; };
		CE042AFF22D0CB9600689830 /* StoryCollectionViewCell.swift */ = {isa = PBXFileReference; lastKnownFileType = sourcecode.swift; path = StoryCollectionViewCell.swift; sourceTree = "<group>"; };
		CE042B0022D0CB9600689830 /* StoryCollectionViewCell.xib */ = {isa = PBXFileReference; lastKnownFileType = file.xib; path = StoryCollectionViewCell.xib; sourceTree = "<group>"; };
		CE042B0322D1E29B00689830 /* FeedTableViewCell.swift */ = {isa = PBXFileReference; lastKnownFileType = sourcecode.swift; path = FeedTableViewCell.swift; sourceTree = "<group>"; };
		CE042B0422D1E29B00689830 /* FeedTableViewCell.xib */ = {isa = PBXFileReference; lastKnownFileType = file.xib; path = FeedTableViewCell.xib; sourceTree = "<group>"; };
		CE042B0722D21B5A00689830 /* ExploreCollectionViewCell.swift */ = {isa = PBXFileReference; lastKnownFileType = sourcecode.swift; path = ExploreCollectionViewCell.swift; sourceTree = "<group>"; };
		CE042B0922D314D600689830 /* SearchBarContainerView.swift */ = {isa = PBXFileReference; lastKnownFileType = sourcecode.swift; path = SearchBarContainerView.swift; sourceTree = "<group>"; };
		CE042B0B22D3430E00689830 /* CollectionLayout.swift */ = {isa = PBXFileReference; lastKnownFileType = sourcecode.swift; path = CollectionLayout.swift; sourceTree = "<group>"; };
		CE3049A022EC469F0095889B /* CreatePostViewController.swift */ = {isa = PBXFileReference; lastKnownFileType = sourcecode.swift; path = CreatePostViewController.swift; sourceTree = "<group>"; };
		CE3049A222EC4E020095889B /* PostViewController.swift */ = {isa = PBXFileReference; lastKnownFileType = sourcecode.swift; path = PostViewController.swift; sourceTree = "<group>"; };
		CE7E0A6322F26DB50064EB18 /* PostTableViewCell.xib */ = {isa = PBXFileReference; fileEncoding = 4; lastKnownFileType = file.xib; path = PostTableViewCell.xib; sourceTree = "<group>"; };
		CE7E0A6422F26DB50064EB18 /* PostTableViewCell.swift */ = {isa = PBXFileReference; fileEncoding = 4; lastKnownFileType = sourcecode.swift; path = PostTableViewCell.swift; sourceTree = "<group>"; };
		CE7E0A6722F26DC50064EB18 /* CommentTableViewCell.swift */ = {isa = PBXFileReference; fileEncoding = 4; lastKnownFileType = sourcecode.swift; path = CommentTableViewCell.swift; sourceTree = "<group>"; };
		CE7E0A6822F26DC50064EB18 /* CommentTableViewCell.xib */ = {isa = PBXFileReference; fileEncoding = 4; lastKnownFileType = file.xib; path = CommentTableViewCell.xib; sourceTree = "<group>"; };
		CE7E0A6B22F27D570064EB18 /* Post.storyboard */ = {isa = PBXFileReference; lastKnownFileType = file.storyboard; path = Post.storyboard; sourceTree = "<group>"; };
		CEB3C5A622D87A6C002859FA /* NewPostPageViewController.swift */ = {isa = PBXFileReference; lastKnownFileType = sourcecode.swift; path = NewPostPageViewController.swift; sourceTree = "<group>"; };
		CEB3C5A822D87AC8002859FA /* PhotoLibraryViewController.swift */ = {isa = PBXFileReference; lastKnownFileType = sourcecode.swift; path = PhotoLibraryViewController.swift; sourceTree = "<group>"; };
		CEB3C5AA22D87BCB002859FA /* CameraViewController.swift */ = {isa = PBXFileReference; lastKnownFileType = sourcecode.swift; path = CameraViewController.swift; sourceTree = "<group>"; };
		CEB3C5AC22D87DBD002859FA /* TabBarDelegate.swift */ = {isa = PBXFileReference; lastKnownFileType = sourcecode.swift; path = TabBarDelegate.swift; sourceTree = "<group>"; };
		CEB3C5AE22D89761002859FA /* PhotoCollectionViewCell.swift */ = {isa = PBXFileReference; lastKnownFileType = sourcecode.swift; path = PhotoCollectionViewCell.swift; sourceTree = "<group>"; };
		CEF528B022EA2D3900FD9480 /* Protocol.swift */ = {isa = PBXFileReference; lastKnownFileType = sourcecode.swift; path = Protocol.swift; sourceTree = "<group>"; };
		E147A0812159176200AD9178 /* InstagramApp.app */ = {isa = PBXFileReference; explicitFileType = wrapper.application; includeInIndex = 0; path = InstagramApp.app; sourceTree = BUILT_PRODUCTS_DIR; };
		E147A0842159176200AD9178 /* AppDelegate.swift */ = {isa = PBXFileReference; lastKnownFileType = sourcecode.swift; path = AppDelegate.swift; sourceTree = "<group>"; };
		E147A08B2159176300AD9178 /* Assets.xcassets */ = {isa = PBXFileReference; lastKnownFileType = folder.assetcatalog; path = Assets.xcassets; sourceTree = "<group>"; };
		E147A08E2159176400AD9178 /* Base */ = {isa = PBXFileReference; lastKnownFileType = file.storyboard; name = Base; path = Base.lproj/LaunchScreen.storyboard; sourceTree = "<group>"; };
		E147A0902159176400AD9178 /* Info.plist */ = {isa = PBXFileReference; lastKnownFileType = text.plist.xml; path = Info.plist; sourceTree = "<group>"; };
		E147A09A215917EB00AD9178 /* FeedData.swift */ = {isa = PBXFileReference; lastKnownFileType = sourcecode.swift; path = FeedData.swift; sourceTree = "<group>"; };
		E1D28C3221629B4800DB621F /* SimpleCameraProtocol.swift */ = {isa = PBXFileReference; fileEncoding = 4; lastKnownFileType = sourcecode.swift; path = SimpleCameraProtocol.swift; sourceTree = "<group>"; };
		E1D28C3421629B5000DB621F /* SimpleCameraView.swift */ = {isa = PBXFileReference; fileEncoding = 4; lastKnownFileType = sourcecode.swift; path = SimpleCameraView.swift; sourceTree = "<group>"; };
		E1D28C3621629B5700DB621F /* SimpleCamera.swift */ = {isa = PBXFileReference; fileEncoding = 4; lastKnownFileType = sourcecode.swift; path = SimpleCamera.swift; sourceTree = "<group>"; };
		E1E440B12163ED050034FD40 /* ActivityData.swift */ = {isa = PBXFileReference; lastKnownFileType = sourcecode.swift; path = ActivityData.swift; sourceTree = "<group>"; };
		E1E440B32163F16E0034FD40 /* UserData.swift */ = {isa = PBXFileReference; lastKnownFileType = sourcecode.swift; path = UserData.swift; sourceTree = "<group>"; };
/* End PBXFileReference section */

/* Begin PBXFrameworksBuildPhase section */
		E147A07E2159176200AD9178 /* Frameworks */ = {
			isa = PBXFrameworksBuildPhase;
			buildActionMask = 2147483647;
			files = (
				10914A59FF7D1A98527760F5 /* Pods_InstagramApp.framework in Frameworks */,
			);
			runOnlyForDeploymentPostprocessing = 0;
		};
/* End PBXFrameworksBuildPhase section */

/* Begin PBXGroup section */
		02424EC686014311E737F617 /* Frameworks */ = {
			isa = PBXGroup;
			children = (
				59E6ADDA5BBFC6545C24D777 /* Pods_InstagramApp.framework */,
			);
			name = Frameworks;
			sourceTree = "<group>";
		};
		CE042AE222D09AB900689830 /* Storybaords */ = {
			isa = PBXGroup;
			children = (
				CE042AE322D09AD100689830 /* Home.storyboard */,
				CE042AE522D09ADE00689830 /* Search.storyboard */,
				CE042AE722D09AE800689830 /* NewPost.storyboard */,
				CE042AE922D09AF300689830 /* Profile.storyboard */,
				CE042AEB22D09AFD00689830 /* Activity.storyboard */,
				CE01726722E04C5700FD06A2 /* Login.storyboard */,
				CE7E0A6B22F27D570064EB18 /* Post.storyboard */,
			);
			path = Storybaords;
			sourceTree = "<group>";
		};
		CE042AED22D09B5500689830 /* ViewControllers */ = {
			isa = PBXGroup;
			children = (
				CE042AEE22D09B6500689830 /* HomeViewController.swift */,
				CE042AF022D09B6F00689830 /* SearchViewController.swift */,
				CE042AF222D09B7B00689830 /* NewPostViewController.swift */,
				CE042AF422D09B8400689830 /* ProfileViewController.swift */,
				CE042AF622D09B8D00689830 /* ActivityViewController.swift */,
				CEB3C5A622D87A6C002859FA /* NewPostPageViewController.swift */,
				CEB3C5A822D87AC8002859FA /* PhotoLibraryViewController.swift */,
				CEB3C5AA22D87BCB002859FA /* CameraViewController.swift */,
				CE01726522E04C0700FD06A2 /* LoginViewController.swift */,
				CE01726B22E05BDC00FD06A2 /* SignupViewController.swift */,
				CE3049A022EC469F0095889B /* CreatePostViewController.swift */,
				CE3049A222EC4E020095889B /* PostViewController.swift */,
			);
			path = ViewControllers;
			sourceTree = "<group>";
		};
		CE042AF822D0C7CE00689830 /* Views */ = {
			isa = PBXGroup;
			children = (
				CE7E0A6722F26DC50064EB18 /* CommentTableViewCell.swift */,
				CE7E0A6822F26DC50064EB18 /* CommentTableViewCell.xib */,
				CE042AFB22D0C81500689830 /* StoriesTableViewCell.swift */,
				CE042AFC22D0C81500689830 /* StoriesTableViewCell.xib */,
				CE042AFF22D0CB9600689830 /* StoryCollectionViewCell.swift */,
				CE042B0022D0CB9600689830 /* StoryCollectionViewCell.xib */,
				CE042B0322D1E29B00689830 /* FeedTableViewCell.swift */,
				CE042B0422D1E29B00689830 /* FeedTableViewCell.xib */,
				CE042B0722D21B5A00689830 /* ExploreCollectionViewCell.swift */,
				CE042B0922D314D600689830 /* SearchBarContainerView.swift */,
				CEB3C5AE22D89761002859FA /* PhotoCollectionViewCell.swift */,
				CE7E0A6422F26DB50064EB18 /* PostTableViewCell.swift */,
				CE7E0A6322F26DB50064EB18 /* PostTableViewCell.xib */,
				CE01725322DF59B300FD06A2 /* ActivityTableViewCell.swift */,
				CE01725422DF59B300FD06A2 /* ActivityTableViewCell.xib */,
				CE01725722DF5D9B00FD06A2 /* ActivityView.swift */,
				CE01725922DF5DA800FD06A2 /* ActivityView.xib */,
				CE01725B22E0071F00FD06A2 /* ProfileHeaderTableViewCell.swift */,
				CE01725D22E0380200FD06A2 /* ProfileViewStyleTableViewCell.swift */,
			);
			path = Views;
			sourceTree = "<group>";
		};
		E147A0782159176200AD9178 = {
			isa = PBXGroup;
			children = (
				E147A0832159176200AD9178 /* InstagramApp */,
				E147A0822159176200AD9178 /* Products */,
				E1A813430F8C47934D93B38A /* Pods */,
				02424EC686014311E737F617 /* Frameworks */,
			);
			sourceTree = "<group>";
		};
		E147A0822159176200AD9178 /* Products */ = {
			isa = PBXGroup;
			children = (
				E147A0812159176200AD9178 /* InstagramApp.app */,
			);
			name = Products;
			sourceTree = "<group>";
		};
		E147A0832159176200AD9178 /* InstagramApp */ = {
			isa = PBXGroup;
			children = (
				CE042AF822D0C7CE00689830 /* Views */,
				E147A0842159176200AD9178 /* AppDelegate.swift */,
				CE042AED22D09B5500689830 /* ViewControllers */,
				CE042AE222D09AB900689830 /* Storybaords */,
				E1D28C3021629A1300DB621F /* Library */,
				E1D74798215FC8BF007A3584 /* Data */,
				E147A08D2159176400AD9178 /* LaunchScreen.storyboard */,
				E147A0902159176400AD9178 /* Info.plist */,
				E147A08B2159176300AD9178 /* Assets.xcassets */,
			);
			path = InstagramApp;
			sourceTree = "<group>";
		};
		E1A813430F8C47934D93B38A /* Pods */ = {
			isa = PBXGroup;
			children = (
				B488B618434E9D89AD83FA74 /* Pods-InstagramApp.debug.xcconfig */,
				05CD9995D411A26AAFBF0806 /* Pods-InstagramApp.release.xcconfig */,
			);
			path = Pods;
			sourceTree = "<group>";
		};
		E1D28C3021629A1300DB621F /* Library */ = {
			isa = PBXGroup;
			children = (
				CE01726922E04FD300FD06A2 /* AnimatedGradient.swift */,
				CE042B0B22D3430E00689830 /* CollectionLayout.swift */,
				CEB3C5AC22D87DBD002859FA /* TabBarDelegate.swift */,
				CE01725122DF531F00FD06A2 /* CustomSegmentedControl.swift */,
				CE01726122E0486800FD06A2 /* Helper.swift */,
				CE01726322E0495600FD06A2 /* Extensions.swift */,
				CEF528B022EA2D3900FD9480 /* Protocol.swift */,
				CE01725F22E03D3F00FD06A2 /* GoogleService-Info.plist */,
				E1D28C3121629A2100DB621F /* SimpleCamera */,
			);
			path = Library;
			sourceTree = "<group>";
		};
		E1D28C3121629A2100DB621F /* SimpleCamera */ = {
			isa = PBXGroup;
			children = (
				E1D28C3621629B5700DB621F /* SimpleCamera.swift */,
				E1D28C3221629B4800DB621F /* SimpleCameraProtocol.swift */,
				E1D28C3421629B5000DB621F /* SimpleCameraView.swift */,
			);
			path = SimpleCamera;
			sourceTree = "<group>";
		};
		E1D74798215FC8BF007A3584 /* Data */ = {
			isa = PBXGroup;
			children = (
				E147A09A215917EB00AD9178 /* FeedData.swift */,
				E1E440B12163ED050034FD40 /* ActivityData.swift */,
				E1E440B32163F16E0034FD40 /* UserData.swift */,
			);
			path = Data;
			sourceTree = "<group>";
		};
/* End PBXGroup section */

/* Begin PBXNativeTarget section */
		E147A0802159176200AD9178 /* InstagramApp */ = {
			isa = PBXNativeTarget;
			buildConfigurationList = E147A0932159176400AD9178 /* Build configuration list for PBXNativeTarget "InstagramApp" */;
			buildPhases = (
				D542C7164893322B6BAAE1D2 /* [CP] Check Pods Manifest.lock */,
				E147A07D2159176200AD9178 /* Sources */,
				E147A07E2159176200AD9178 /* Frameworks */,
				E147A07F2159176200AD9178 /* Resources */,
				6B401093325D607E88C02A6A /* [CP] Embed Pods Frameworks */,
			);
			buildRules = (
			);
			dependencies = (
			);
			name = InstagramApp;
			productName = InstagramApp;
			productReference = E147A0812159176200AD9178 /* InstagramApp.app */;
			productType = "com.apple.product-type.application";
		};
/* End PBXNativeTarget section */

/* Begin PBXProject section */
		E147A0792159176200AD9178 /* Project object */ = {
			isa = PBXProject;
			attributes = {
				LastSwiftUpdateCheck = 1000;
				LastUpgradeCheck = 1000;
				ORGANIZATIONNAME = "Gwinyai Nyatsoka";
				TargetAttributes = {
					E147A0802159176200AD9178 = {
						CreatedOnToolsVersion = 10.0;
						LastSwiftMigration = 1020;
					};
				};
			};
			buildConfigurationList = E147A07C2159176200AD9178 /* Build configuration list for PBXProject "InstagramApp" */;
			compatibilityVersion = "Xcode 9.3";
			developmentRegion = en;
			hasScannedForEncodings = 0;
			knownRegions = (
				en,
				Base,
			);
			mainGroup = E147A0782159176200AD9178;
			productRefGroup = E147A0822159176200AD9178 /* Products */;
			projectDirPath = "";
			projectRoot = "";
			targets = (
				E147A0802159176200AD9178 /* InstagramApp */,
			);
		};
/* End PBXProject section */

/* Begin PBXResourcesBuildPhase section */
		E147A07F2159176200AD9178 /* Resources */ = {
			isa = PBXResourcesBuildPhase;
			buildActionMask = 2147483647;
			files = (
				CE01726022E03D3F00FD06A2 /* GoogleService-Info.plist in Resources */,
				CE042AEA22D09AF300689830 /* Profile.storyboard in Resources */,
				CE01726822E04C5700FD06A2 /* Login.storyboard in Resources */,
				CE01725A22DF5DA800FD06A2 /* ActivityView.xib in Resources */,
				CE042AE822D09AE800689830 /* NewPost.storyboard in Resources */,
				CE042AE422D09AD100689830 /* Home.storyboard in Resources */,
				CE7E0A6522F26DB60064EB18 /* PostTableViewCell.xib in Resources */,
				CE042B0622D1E29B00689830 /* FeedTableViewCell.xib in Resources */,
				E147A08F2159176400AD9178 /* LaunchScreen.storyboard in Resources */,
				CE042B0222D0CB9600689830 /* StoryCollectionViewCell.xib in Resources */,
				CE042AEC22D09AFD00689830 /* Activity.storyboard in Resources */,
				CE042AFE22D0C81500689830 /* StoriesTableViewCell.xib in Resources */,
				CE01725622DF59B300FD06A2 /* ActivityTableViewCell.xib in Resources */,
				CE042AE622D09ADE00689830 /* Search.storyboard in Resources */,
				E147A08C2159176300AD9178 /* Assets.xcassets in Resources */,
				CE7E0A6C22F27D570064EB18 /* Post.storyboard in Resources */,
				CE7E0A6A22F26DC50064EB18 /* CommentTableViewCell.xib in Resources */,
			);
			runOnlyForDeploymentPostprocessing = 0;
		};
/* End PBXResourcesBuildPhase section */

/* Begin PBXShellScriptBuildPhase section */
		6B401093325D607E88C02A6A /* [CP] Embed Pods Frameworks */ = {
			isa = PBXShellScriptBuildPhase;
			buildActionMask = 2147483647;
			files = (
			);
			inputFileListPaths = (
				"${PODS_ROOT}/Target Support Files/Pods-InstagramApp/Pods-InstagramApp-frameworks-${CONFIGURATION}-input-files.xcfilelist",
			);
			name = "[CP] Embed Pods Frameworks";
			outputFileListPaths = (
				"${PODS_ROOT}/Target Support Files/Pods-InstagramApp/Pods-InstagramApp-frameworks-${CONFIGURATION}-output-files.xcfilelist",
			);
			runOnlyForDeploymentPostprocessing = 0;
			shellPath = /bin/sh;
			shellScript = "\"${PODS_ROOT}/Target Support Files/Pods-InstagramApp/Pods-InstagramApp-frameworks.sh\"\n";
			showEnvVarsInLog = 0;
		};
		D542C7164893322B6BAAE1D2 /* [CP] Check Pods Manifest.lock */ = {
			isa = PBXShellScriptBuildPhase;
			buildActionMask = 2147483647;
			files = (
			);
			inputFileListPaths = (
			);
			inputPaths = (
				"${PODS_PODFILE_DIR_PATH}/Podfile.lock",
				"${PODS_ROOT}/Manifest.lock",
			);
			name = "[CP] Check Pods Manifest.lock";
			outputFileListPaths = (
			);
			outputPaths = (
				"$(DERIVED_FILE_DIR)/Pods-InstagramApp-checkManifestLockResult.txt",
			);
			runOnlyForDeploymentPostprocessing = 0;
			shellPath = /bin/sh;
			shellScript = "diff \"${PODS_PODFILE_DIR_PATH}/Podfile.lock\" \"${PODS_ROOT}/Manifest.lock\" > /dev/null\nif [ $? != 0 ] ; then\n    # print error to STDERR\n    echo \"error: The sandbox is not in sync with the Podfile.lock. Run 'pod install' or update your CocoaPods installation.\" >&2\n    exit 1\nfi\n# This output is used by Xcode 'outputs' to avoid re-running this script phase.\necho \"SUCCESS\" > \"${SCRIPT_OUTPUT_FILE_0}\"\n";
			showEnvVarsInLog = 0;
		};
/* End PBXShellScriptBuildPhase section */

/* Begin PBXSourcesBuildPhase section */
		E147A07D2159176200AD9178 /* Sources */ = {
			isa = PBXSourcesBuildPhase;
			buildActionMask = 2147483647;
			files = (
				CE3049A322EC4E020095889B /* PostViewController.swift in Sources */,
				CE042B0822D21B5A00689830 /* ExploreCollectionViewCell.swift in Sources */,
				E1E440B42163F16E0034FD40 /* UserData.swift in Sources */,
				CE01726A22E04FD300FD06A2 /* AnimatedGradient.swift in Sources */,
				CE7E0A6622F26DB60064EB18 /* PostTableViewCell.swift in Sources */,
				CEB3C5AD22D87DBD002859FA /* TabBarDelegate.swift in Sources */,
				CEB3C5A922D87AC8002859FA /* PhotoLibraryViewController.swift in Sources */,
				E1D28C3721629B5700DB621F /* SimpleCamera.swift in Sources */,
				CE042B0522D1E29B00689830 /* FeedTableViewCell.swift in Sources */,
				CE01725E22E0380200FD06A2 /* ProfileViewStyleTableViewCell.swift in Sources */,
				CE042B0A22D314D600689830 /* SearchBarContainerView.swift in Sources */,
				E1D28C3521629B5000DB621F /* SimpleCameraView.swift in Sources */,
				CE042AF122D09B6F00689830 /* SearchViewController.swift in Sources */,
				CEB3C5AF22D89761002859FA /* PhotoCollectionViewCell.swift in Sources */,
				CE042B0C22D3430E00689830 /* CollectionLayout.swift in Sources */,
				CE042AEF22D09B6500689830 /* HomeViewController.swift in Sources */,
				CE01726622E04C0700FD06A2 /* LoginViewController.swift in Sources */,
				CE3049A122EC469F0095889B /* CreatePostViewController.swift in Sources */,
				CE042AFD22D0C81500689830 /* StoriesTableViewCell.swift in Sources */,
				CEB3C5AB22D87BCB002859FA /* CameraViewController.swift in Sources */,
				CE01725C22E0071F00FD06A2 /* ProfileHeaderTableViewCell.swift in Sources */,
				CEB3C5A722D87A6C002859FA /* NewPostPageViewController.swift in Sources */,
				CE01725822DF5D9B00FD06A2 /* ActivityView.swift in Sources */,
				E1E440B22163ED050034FD40 /* ActivityData.swift in Sources */,
				CE042AF522D09B8400689830 /* ProfileViewController.swift in Sources */,
				CE042AF722D09B8D00689830 /* ActivityViewController.swift in Sources */,
				E147A0852159176200AD9178 /* AppDelegate.swift in Sources */,
				CE01726C22E05BDC00FD06A2 /* SignupViewController.swift in Sources */,
				E147A09B215917EB00AD9178 /* FeedData.swift in Sources */,
				E1D28C3321629B4800DB621F /* SimpleCameraProtocol.swift in Sources */,
				CE042B0122D0CB9600689830 /* StoryCollectionViewCell.swift in Sources */,
				CE01726422E0495600FD06A2 /* Extensions.swift in Sources */,
				CE01725522DF59B300FD06A2 /* ActivityTableViewCell.swift in Sources */,
				CE042AF322D09B7B00689830 /* NewPostViewController.swift in Sources */,
				CEF528B122EA2D3900FD9480 /* Protocol.swift in Sources */,
				CE7E0A6922F26DC50064EB18 /* CommentTableViewCell.swift in Sources */,
				CE01726222E0486800FD06A2 /* Helper.swift in Sources */,
				CE01725222DF531F00FD06A2 /* CustomSegmentedControl.swift in Sources */,
			);
			runOnlyForDeploymentPostprocessing = 0;
		};
/* End PBXSourcesBuildPhase section */

/* Begin PBXVariantGroup section */
		E147A08D2159176400AD9178 /* LaunchScreen.storyboard */ = {
			isa = PBXVariantGroup;
			children = (
				E147A08E2159176400AD9178 /* Base */,
			);
			name = LaunchScreen.storyboard;
			sourceTree = "<group>";
		};
/* End PBXVariantGroup section */

/* Begin XCBuildConfiguration section */
		E147A0912159176400AD9178 /* Debug */ = {
			isa = XCBuildConfiguration;
			buildSettings = {
				ALWAYS_SEARCH_USER_PATHS = NO;
				CLANG_ANALYZER_NONNULL = YES;
				CLANG_ANALYZER_NUMBER_OBJECT_CONVERSION = YES_AGGRESSIVE;
				CLANG_CXX_LANGUAGE_STANDARD = "gnu++14";
				CLANG_CXX_LIBRARY = "libc++";
				CLANG_ENABLE_MODULES = YES;
				CLANG_ENABLE_OBJC_ARC = YES;
				CLANG_ENABLE_OBJC_WEAK = YES;
				CLANG_WARN_BLOCK_CAPTURE_AUTORELEASING = YES;
				CLANG_WARN_BOOL_CONVERSION = YES;
				CLANG_WARN_COMMA = YES;
				CLANG_WARN_CONSTANT_CONVERSION = YES;
				CLANG_WARN_DEPRECATED_OBJC_IMPLEMENTATIONS = YES;
				CLANG_WARN_DIRECT_OBJC_ISA_USAGE = YES_ERROR;
				CLANG_WARN_DOCUMENTATION_COMMENTS = YES;
				CLANG_WARN_EMPTY_BODY = YES;
				CLANG_WARN_ENUM_CONVERSION = YES;
				CLANG_WARN_INFINITE_RECURSION = YES;
				CLANG_WARN_INT_CONVERSION = YES;
				CLANG_WARN_NON_LITERAL_NULL_CONVERSION = YES;
				CLANG_WARN_OBJC_IMPLICIT_RETAIN_SELF = YES;
				CLANG_WARN_OBJC_LITERAL_CONVERSION = YES;
				CLANG_WARN_OBJC_ROOT_CLASS = YES_ERROR;
				CLANG_WARN_RANGE_LOOP_ANALYSIS = YES;
				CLANG_WARN_STRICT_PROTOTYPES = YES;
				CLANG_WARN_SUSPICIOUS_MOVE = YES;
				CLANG_WARN_UNGUARDED_AVAILABILITY = YES_AGGRESSIVE;
				CLANG_WARN_UNREACHABLE_CODE = YES;
				CLANG_WARN__DUPLICATE_METHOD_MATCH = YES;
				CODE_SIGN_IDENTITY = "iPhone Developer";
				COPY_PHASE_STRIP = NO;
				DEBUG_INFORMATION_FORMAT = dwarf;
				ENABLE_STRICT_OBJC_MSGSEND = YES;
				ENABLE_TESTABILITY = YES;
				GCC_C_LANGUAGE_STANDARD = gnu11;
				GCC_DYNAMIC_NO_PIC = NO;
				GCC_NO_COMMON_BLOCKS = YES;
				GCC_OPTIMIZATION_LEVEL = 0;
				GCC_PREPROCESSOR_DEFINITIONS = (
					"DEBUG=1",
					"$(inherited)",
				);
				GCC_WARN_64_TO_32_BIT_CONVERSION = YES;
				GCC_WARN_ABOUT_RETURN_TYPE = YES_ERROR;
				GCC_WARN_UNDECLARED_SELECTOR = YES;
				GCC_WARN_UNINITIALIZED_AUTOS = YES_AGGRESSIVE;
				GCC_WARN_UNUSED_FUNCTION = YES;
				GCC_WARN_UNUSED_VARIABLE = YES;
				IPHONEOS_DEPLOYMENT_TARGET = 12.0;
				MTL_ENABLE_DEBUG_INFO = INCLUDE_SOURCE;
				MTL_FAST_MATH = YES;
				ONLY_ACTIVE_ARCH = YES;
				SDKROOT = iphoneos;
				SWIFT_ACTIVE_COMPILATION_CONDITIONS = DEBUG;
				SWIFT_OPTIMIZATION_LEVEL = "-Onone";
			};
			name = Debug;
		};
		E147A0922159176400AD9178 /* Release */ = {
			isa = XCBuildConfiguration;
			buildSettings = {
				ALWAYS_SEARCH_USER_PATHS = NO;
				CLANG_ANALYZER_NONNULL = YES;
				CLANG_ANALYZER_NUMBER_OBJECT_CONVERSION = YES_AGGRESSIVE;
				CLANG_CXX_LANGUAGE_STANDARD = "gnu++14";
				CLANG_CXX_LIBRARY = "libc++";
				CLANG_ENABLE_MODULES = YES;
				CLANG_ENABLE_OBJC_ARC = YES;
				CLANG_ENABLE_OBJC_WEAK = YES;
				CLANG_WARN_BLOCK_CAPTURE_AUTORELEASING = YES;
				CLANG_WARN_BOOL_CONVERSION = YES;
				CLANG_WARN_COMMA = YES;
				CLANG_WARN_CONSTANT_CONVERSION = YES;
				CLANG_WARN_DEPRECATED_OBJC_IMPLEMENTATIONS = YES;
				CLANG_WARN_DIRECT_OBJC_ISA_USAGE = YES_ERROR;
				CLANG_WARN_DOCUMENTATION_COMMENTS = YES;
				CLANG_WARN_EMPTY_BODY = YES;
				CLANG_WARN_ENUM_CONVERSION = YES;
				CLANG_WARN_INFINITE_RECURSION = YES;
				CLANG_WARN_INT_CONVERSION = YES;
				CLANG_WARN_NON_LITERAL_NULL_CONVERSION = YES;
				CLANG_WARN_OBJC_IMPLICIT_RETAIN_SELF = YES;
				CLANG_WARN_OBJC_LITERAL_CONVERSION = YES;
				CLANG_WARN_OBJC_ROOT_CLASS = YES_ERROR;
				CLANG_WARN_RANGE_LOOP_ANALYSIS = YES;
				CLANG_WARN_STRICT_PROTOTYPES = YES;
				CLANG_WARN_SUSPICIOUS_MOVE = YES;
				CLANG_WARN_UNGUARDED_AVAILABILITY = YES_AGGRESSIVE;
				CLANG_WARN_UNREACHABLE_CODE = YES;
				CLANG_WARN__DUPLICATE_METHOD_MATCH = YES;
				CODE_SIGN_IDENTITY = "iPhone Developer";
				COPY_PHASE_STRIP = NO;
				DEBUG_INFORMATION_FORMAT = "dwarf-with-dsym";
				ENABLE_NS_ASSERTIONS = NO;
				ENABLE_STRICT_OBJC_MSGSEND = YES;
				GCC_C_LANGUAGE_STANDARD = gnu11;
				GCC_NO_COMMON_BLOCKS = YES;
				GCC_WARN_64_TO_32_BIT_CONVERSION = YES;
				GCC_WARN_ABOUT_RETURN_TYPE = YES_ERROR;
				GCC_WARN_UNDECLARED_SELECTOR = YES;
				GCC_WARN_UNINITIALIZED_AUTOS = YES_AGGRESSIVE;
				GCC_WARN_UNUSED_FUNCTION = YES;
				GCC_WARN_UNUSED_VARIABLE = YES;
				IPHONEOS_DEPLOYMENT_TARGET = 12.0;
				MTL_ENABLE_DEBUG_INFO = NO;
				MTL_FAST_MATH = YES;
				SDKROOT = iphoneos;
				SWIFT_COMPILATION_MODE = wholemodule;
				SWIFT_OPTIMIZATION_LEVEL = "-O";
				VALIDATE_PRODUCT = YES;
			};
			name = Release;
		};
		E147A0942159176400AD9178 /* Debug */ = {
			isa = XCBuildConfiguration;
			baseConfigurationReference = B488B618434E9D89AD83FA74 /* Pods-InstagramApp.debug.xcconfig */;
			buildSettings = {
				ASSETCATALOG_COMPILER_APPICON_NAME = AppIcon;
				CODE_SIGN_STYLE = Automatic;
				DEVELOPMENT_TEAM = "";
				INFOPLIST_FILE = InstagramApp/Info.plist;
				IPHONEOS_DEPLOYMENT_TARGET = 11.4;
				LD_RUNPATH_SEARCH_PATHS = (
					"$(inherited)",
					"@executable_path/Frameworks",
				);
				PRODUCT_BUNDLE_IDENTIFIER = com.InstagramApp;
				PRODUCT_NAME = "$(TARGET_NAME)";
				SWIFT_VERSION = 5.0;
				TARGETED_DEVICE_FAMILY = 1;
			};
			name = Debug;
		};
		E147A0952159176400AD9178 /* Release */ = {
			isa = XCBuildConfiguration;
			baseConfigurationReference = 05CD9995D411A26AAFBF0806 /* Pods-InstagramApp.release.xcconfig */;
			buildSettings = {
				ASSETCATALOG_COMPILER_APPICON_NAME = AppIcon;
				CODE_SIGN_STYLE = Automatic;
				DEVELOPMENT_TEAM = "";
				INFOPLIST_FILE = InstagramApp/Info.plist;
				IPHONEOS_DEPLOYMENT_TARGET = 11.4;
				LD_RUNPATH_SEARCH_PATHS = (
					"$(inherited)",
					"@executable_path/Frameworks",
				);
				PRODUCT_BUNDLE_IDENTIFIER = com.InstagramApp;
				PRODUCT_NAME = "$(TARGET_NAME)";
				SWIFT_VERSION = 5.0;
				TARGETED_DEVICE_FAMILY = 1;
			};
			name = Release;
		};
/* End XCBuildConfiguration section */

/* Begin XCConfigurationList section */
		E147A07C2159176200AD9178 /* Build configuration list for PBXProject "InstagramApp" */ = {
			isa = XCConfigurationList;
			buildConfigurations = (
				E147A0912159176400AD9178 /* Debug */,
				E147A0922159176400AD9178 /* Release */,
			);
			defaultConfigurationIsVisible = 0;
			defaultConfigurationName = Release;
		};
		E147A0932159176400AD9178 /* Build configuration list for PBXNativeTarget "InstagramApp" */ = {
			isa = XCConfigurationList;
			buildConfigurations = (
				E147A0942159176400AD9178 /* Debug */,
				E147A0952159176400AD9178 /* Release */,
			);
			defaultConfigurationIsVisible = 0;
			defaultConfigurationName = Release;
		};
/* End XCConfigurationList section */
	};
	rootObject = E147A0792159176200AD9178 /* Project object */;
}
